
Microsoft Visual Studio Solution File, Format Version 12.00
# Visual Studio Version 16
VisualStudioVersion = 16.0.30204.135
MinimumVisualStudioVersion = 10.0.40219.1
Project("{FAE04EC0-301F-11D3-BF4B-00C04F79EFBC}") = "Screws_B", "Screws_B\Screws_B.csproj", "{7AB82E9D-100E-4A2D-90F1-42804FD230EA}"
EndProject
Global
	GlobalSection(SolutionConfigurationPlatforms) = preSolution
		Debug|Any CPU = Debug|Any CPU
		Release|Any CPU = Release|Any CPU
	EndGlobalSection
	GlobalSection(ProjectConfigurationPlatforms) = postSolution
		{7AB82E9D-100E-4A2D-90F1-42804FD230EA}.Debug|Any CPU.ActiveCfg = Debug|Any CPU
		{7AB82E9D-100E-4A2D-90F1-42804FD230EA}.Debug|Any CPU.Build.0 = Debug|Any CPU
		{7AB82E9D-100E-4A2D-90F1-42804FD230EA}.Release|Any CPU.ActiveCfg = Release|Any CPU
		{7AB82E9D-100E-4A2D-90F1-42804FD230EA}.Release|Any CPU.Build.0 = Release|Any CPU
	EndGlobalSection
	GlobalSection(SolutionProperties) = preSolution
		HideSolutionNode = FALSE
	EndGlobalSection
	GlobalSection(ExtensibilityGlobals) = postSolution
		SolutionGuid = {DE4D4B6B-D532-45AC-9FC5-69A54EC81814}
	EndGlobalSection
EndGlobal
